// !$*UTF8*$!
{
	archiveVersion = 1;
	classes = {
	};
	objectVersion = 50;
	objects = {

/* Begin PBXBuildFile section */
		8FC00BB0244328A400C80B45 /* AppDelegate.swift in Sources */ = {isa = PBXBuildFile; fileRef = 8FC00BAF244328A400C80B45 /* AppDelegate.swift */; };
		8FC00BB2244328A400C80B45 /* SceneDelegate.swift in Sources */ = {isa = PBXBuildFile; fileRef = 8FC00BB1244328A400C80B45 /* SceneDelegate.swift */; };
		8FC00BB4244328A400C80B45 /* ViewController.swift in Sources */ = {isa = PBXBuildFile; fileRef = 8FC00BB3244328A400C80B45 /* ViewController.swift */; };
		8FC00BB7244328A400C80B45 /* Main.storyboard in Resources */ = {isa = PBXBuildFile; fileRef = 8FC00BB5244328A400C80B45 /* Main.storyboard */; };
		8FC00BBA244328A400C80B45 /* FlorentiniSVC.xcdatamodeld in Sources */ = {isa = PBXBuildFile; fileRef = 8FC00BB8244328A400C80B45 /* FlorentiniSVC.xcdatamodeld */; };
		8FC00BBC244328A700C80B45 /* Assets.xcassets in Resources */ = {isa = PBXBuildFile; fileRef = 8FC00BBB244328A700C80B45 /* Assets.xcassets */; };
		8FC00BBF244328A700C80B45 /* LaunchScreen.storyboard in Resources */ = {isa = PBXBuildFile; fileRef = 8FC00BBD244328A700C80B45 /* LaunchScreen.storyboard */; };
/* End PBXBuildFile section */

/* Begin PBXFileReference section */
		8FC00BAC244328A400C80B45 /* FlorentiniSVC.app */ = {isa = PBXFileReference; explicitFileType = wrapper.application; includeInIndex = 0; path = FlorentiniSVC.app; sourceTree = BUILT_PRODUCTS_DIR; };
		8FC00BAF244328A400C80B45 /* AppDelegate.swift */ = {isa = PBXFileReference; lastKnownFileType = sourcecode.swift; path = AppDelegate.swift; sourceTree = "<group>"; };
		8FC00BB1244328A400C80B45 /* SceneDelegate.swift */ = {isa = PBXFileReference; lastKnownFileType = sourcecode.swift; path = SceneDelegate.swift; sourceTree = "<group>"; };
		8FC00BB3244328A400C80B45 /* ViewController.swift */ = {isa = PBXFileReference; lastKnownFileType = sourcecode.swift; path = ViewController.swift; sourceTree = "<group>"; };
		8FC00BB6244328A400C80B45 /* Base */ = {isa = PBXFileReference; lastKnownFileType = file.storyboard; name = Base; path = Base.lproj/Main.storyboard; sourceTree = "<group>"; };
		8FC00BB9244328A400C80B45 /* FlorentiniSVC.xcdatamodel */ = {isa = PBXFileReference; lastKnownFileType = wrapper.xcdatamodel; path = FlorentiniSVC.xcdatamodel; sourceTree = "<group>"; };
		8FC00BBB244328A700C80B45 /* Assets.xcassets */ = {isa = PBXFileReference; lastKnownFileType = folder.assetcatalog; path = Assets.xcassets; sourceTree = "<group>"; };
		8FC00BBE244328A700C80B45 /* Base */ = {isa = PBXFileReference; lastKnownFileType = file.storyboard; name = Base; path = Base.lproj/LaunchScreen.storyboard; sourceTree = "<group>"; };
		8FC00BC0244328A700C80B45 /* Info.plist */ = {isa = PBXFileReference; lastKnownFileType = text.plist.xml; path = Info.plist; sourceTree = "<group>"; };
/* End PBXFileReference section */

/* Begin PBXFrameworksBuildPhase section */
		8FC00BA9244328A400C80B45 /* Frameworks */ = {
			isa = PBXFrameworksBuildPhase;
			buildActionMask = 2147483647;
			files = (
			);
			runOnlyForDeploymentPostprocessing = 0;
		};
/* End PBXFrameworksBuildPhase section */

/* Begin PBXGroup section */
		8FC00BA3244328A400C80B45 = {
			isa = PBXGroup;
			children = (
				8FC00BAE244328A400C80B45 /* FlorentiniSVC */,
				8FC00BAD244328A400C80B45 /* Products */,
			);
			sourceTree = "<group>";
		};
		8FC00BAD244328A400C80B45 /* Products */ = {
			isa = PBXGroup;
			children = (
				8FC00BAC244328A400C80B45 /* FlorentiniSVC.app */,
			);
			name = Products;
			sourceTree = "<group>";
		};
		8FC00BAE244328A400C80B45 /* FlorentiniSVC */ = {
			isa = PBXGroup;
			children = (
				8FC00BAF244328A400C80B45 /* AppDelegate.swift */,
				8FC00BB1244328A400C80B45 /* SceneDelegate.swift */,
				8FC00BB3244328A400C80B45 /* ViewController.swift */,
				8FC00BB5244328A400C80B45 /* Main.storyboard */,
				8FC00BBB244328A700C80B45 /* Assets.xcassets */,
				8FC00BBD244328A700C80B45 /* LaunchScreen.storyboard */,
				8FC00BC0244328A700C80B45 /* Info.plist */,
				8FC00BB8244328A400C80B45 /* FlorentiniSVC.xcdatamodeld */,
			);
			path = FlorentiniSVC;
			sourceTree = "<group>";
		};
/* End PBXGroup section */

/* Begin PBXNativeTarget section */
		8FC00BAB244328A400C80B45 /* FlorentiniSVC */ = {
			isa = PBXNativeTarget;
			buildConfigurationList = 8FC00BC3244328A700C80B45 /* Build configuration list for PBXNativeTarget "FlorentiniSVC" */;
			buildPhases = (
				8FC00BA8244328A400C80B45 /* Sources */,
				8FC00BA9244328A400C80B45 /* Frameworks */,
				8FC00BAA244328A400C80B45 /* Resources */,
			);
			buildRules = (
			);
			dependencies = (
			);
			name = FlorentiniSVC;
			productName = FlorentiniSVC;
			productReference = 8FC00BAC244328A400C80B45 /* FlorentiniSVC.app */;
			productType = "com.apple.product-type.application";
		};
/* End PBXNativeTarget section */

/* Begin PBXProject section */
		8FC00BA4244328A400C80B45 /* Project object */ = {
			isa = PBXProject;
			attributes = {
				LastSwiftUpdateCheck = 1140;
				LastUpgradeCheck = 1140;
				ORGANIZATIONNAME = "Andrew Matsota";
				TargetAttributes = {
					8FC00BAB244328A400C80B45 = {
						CreatedOnToolsVersion = 11.4;
					};
				};
			};
			buildConfigurationList = 8FC00BA7244328A400C80B45 /* Build configuration list for PBXProject "FlorentiniSVC" */;
			compatibilityVersion = "Xcode 9.3";
			developmentRegion = en;
			hasScannedForEncodings = 0;
			knownRegions = (
				en,
				Base,
			);
			mainGroup = 8FC00BA3244328A400C80B45;
			productRefGroup = 8FC00BAD244328A400C80B45 /* Products */;
			projectDirPath = "";
			projectRoot = "";
			targets = (
				8FC00BAB244328A400C80B45 /* FlorentiniSVC */,
			);
		};
/* End PBXProject section */

/* Begin PBXResourcesBuildPhase section */
		8FC00BAA244328A400C80B45 /* Resources */ = {
			isa = PBXResourcesBuildPhase;
			buildActionMask = 2147483647;
			files = (
				8FC00BBF244328A700C80B45 /* LaunchScreen.storyboard in Resources */,
				8FC00BBC244328A700C80B45 /* Assets.xcassets in Resources */,
				8FC00BB7244328A400C80B45 /* Main.storyboard in Resources */,
			);
			runOnlyForDeploymentPostprocessing = 0;
		};
/* End PBXResourcesBuildPhase section */

/* Begin PBXSourcesBuildPhase section */
		8FC00BA8244328A400C80B45 /* Sources */ = {
			isa = PBXSourcesBuildPhase;
			buildActionMask = 2147483647;
			files = (
				8FC00BBA244328A400C80B45 /* FlorentiniSVC.xcdatamodeld in Sources */,
				8FC00BB4244328A400C80B45 /* ViewController.swift in Sources */,
				8FC00BB0244328A400C80B45 /* AppDelegate.swift in Sources */,
				8FC00BB2244328A400C80B45 /* SceneDelegate.swift in Sources */,
			);
			runOnlyForDeploymentPostprocessing = 0;
		};
/* End PBXSourcesBuildPhase section */

/* Begin PBXVariantGroup section */
		8FC00BB5244328A400C80B45 /* Main.storyboard */ = {
			isa = PBXVariantGroup;
			children = (
				8FC00BB6244328A400C80B45 /* Base */,
			);
			name = Main.storyboard;
			sourceTree = "<group>";
		};
		8FC00BBD244328A700C80B45 /* LaunchScreen.storyboard */ = {
			isa = PBXVariantGroup;
			children = (
				8FC00BBE244328A700C80B45 /* Base */,
			);
			name = LaunchScreen.storyboard;
			sourceTree = "<group>";
		};
/* End PBXVariantGroup section */

/* Begin XCBuildConfiguration section */
		8FC00BC1244328A700C80B45 /* Debug */ = {
			isa = XCBuildConfiguration;
			buildSettings = {
				ALWAYS_SEARCH_USER_PATHS = NO;
				CLANG_ANALYZER_NONNULL = YES;
				CLANG_ANALYZER_NUMBER_OBJECT_CONVERSION = YES_AGGRESSIVE;
				CLANG_CXX_LANGUAGE_STANDARD = "gnu++14";
				CLANG_CXX_LIBRARY = "libc++";
				CLANG_ENABLE_MODULES = YES;
				CLANG_ENABLE_OBJC_ARC = YES;
				CLANG_ENABLE_OBJC_WEAK = YES;
				CLANG_WARN_BLOCK_CAPTURE_AUTORELEASING = YES;
				CLANG_WARN_BOOL_CONVERSION = YES;
				CLANG_WARN_COMMA = YES;
				CLANG_WARN_CONSTANT_CONVERSION = YES;
				CLANG_WARN_DEPRECATED_OBJC_IMPLEMENTATIONS = YES;
				CLANG_WARN_DIRECT_OBJC_ISA_USAGE = YES_ERROR;
				CLANG_WARN_DOCUMENTATION_COMMENTS = YES;
				CLANG_WARN_EMPTY_BODY = YES;
				CLANG_WARN_ENUM_CONVERSION = YES;
				CLANG_WARN_INFINITE_RECURSION = YES;
				CLANG_WARN_INT_CONVERSION = YES;
				CLANG_WARN_NON_LITERAL_NULL_CONVERSION = YES;
				CLANG_WARN_OBJC_IMPLICIT_RETAIN_SELF = YES;
				CLANG_WARN_OBJC_LITERAL_CONVERSION = YES;
				CLANG_WARN_OBJC_ROOT_CLASS = YES_ERROR;
				CLANG_WARN_RANGE_LOOP_ANALYSIS = YES;
				CLANG_WARN_STRICT_PROTOTYPES = YES;
				CLANG_WARN_SUSPICIOUS_MOVE = YES;
				CLANG_WARN_UNGUARDED_AVAILABILITY = YES_AGGRESSIVE;
				CLANG_WARN_UNREACHABLE_CODE = YES;
				CLANG_WARN__DUPLICATE_METHOD_MATCH = YES;
				COPY_PHASE_STRIP = NO;
				DEBUG_INFORMATION_FORMAT = dwarf;
				ENABLE_STRICT_OBJC_MSGSEND = YES;
				ENABLE_TESTABILITY = YES;
				GCC_C_LANGUAGE_STANDARD = gnu11;
				GCC_DYNAMIC_NO_PIC = NO;
				GCC_NO_COMMON_BLOCKS = YES;
				GCC_OPTIMIZATION_LEVEL = 0;
				GCC_PREPROCESSOR_DEFINITIONS = (
					"DEBUG=1",
					"$(inherited)",
				);
				GCC_WARN_64_TO_32_BIT_CONVERSION = YES;
				GCC_WARN_ABOUT_RETURN_TYPE = YES_ERROR;
				GCC_WARN_UNDECLARED_SELECTOR = YES;
				GCC_WARN_UNINITIALIZED_AUTOS = YES_AGGRESSIVE;
				GCC_WARN_UNUSED_FUNCTION = YES;
				GCC_WARN_UNUSED_VARIABLE = YES;
				IPHONEOS_DEPLOYMENT_TARGET = 13.4;
				MTL_ENABLE_DEBUG_INFO = INCLUDE_SOURCE;
				MTL_FAST_MATH = YES;
				ONLY_ACTIVE_ARCH = YES;
				SDKROOT = iphoneos;
				SWIFT_ACTIVE_COMPILATION_CONDITIONS = DEBUG;
				SWIFT_OPTIMIZATION_LEVEL = "-Onone";
			};
			name = Debug;
		};
		8FC00BC2244328A700C80B45 /* Release */ = {
			isa = XCBuildConfiguration;
			buildSettings = {
				ALWAYS_SEARCH_USER_PATHS = NO;
				CLANG_ANALYZER_NONNULL = YES;
				CLANG_ANALYZER_NUMBER_OBJECT_CONVERSION = YES_AGGRESSIVE;
				CLANG_CXX_LANGUAGE_STANDARD = "gnu++14";
				CLANG_CXX_LIBRARY = "libc++";
				CLANG_ENABLE_MODULES = YES;
				CLANG_ENABLE_OBJC_ARC = YES;
				CLANG_ENABLE_OBJC_WEAK = YES;
				CLANG_WARN_BLOCK_CAPTURE_AUTORELEASING = YES;
				CLANG_WARN_BOOL_CONVERSION = YES;
				CLANG_WARN_COMMA = YES;
				CLANG_WARN_CONSTANT_CONVERSION = YES;
				CLANG_WARN_DEPRECATED_OBJC_IMPLEMENTATIONS = YES;
				CLANG_WARN_DIRECT_OBJC_ISA_USAGE = YES_ERROR;
				CLANG_WARN_DOCUMENTATION_COMMENTS = YES;
				CLANG_WARN_EMPTY_BODY = YES;
				CLANG_WARN_ENUM_CONVERSION = YES;
				CLANG_WARN_INFINITE_RECURSION = YES;
				CLANG_WARN_INT_CONVERSION = YES;
				CLANG_WARN_NON_LITERAL_NULL_CONVERSION = YES;
				CLANG_WARN_OBJC_IMPLICIT_RETAIN_SELF = YES;
				CLANG_WARN_OBJC_LITERAL_CONVERSION = YES;
				CLANG_WARN_OBJC_ROOT_CLASS = YES_ERROR;
				CLANG_WARN_RANGE_LOOP_ANALYSIS = YES;
				CLANG_WARN_STRICT_PROTOTYPES = YES;
				CLANG_WARN_SUSPICIOUS_MOVE = YES;
				CLANG_WARN_UNGUARDED_AVAILABILITY = YES_AGGRESSIVE;
				CLANG_WARN_UNREACHABLE_CODE = YES;
				CLANG_WARN__DUPLICATE_METHOD_MATCH = YES;
				COPY_PHASE_STRIP = NO;
				DEBUG_INFORMATION_FORMAT = "dwarf-with-dsym";
				ENABLE_NS_ASSERTIONS = NO;
				ENABLE_STRICT_OBJC_MSGSEND = YES;
				GCC_C_LANGUAGE_STANDARD = gnu11;
				GCC_NO_COMMON_BLOCKS = YES;
				GCC_WARN_64_TO_32_BIT_CONVERSION = YES;
				GCC_WARN_ABOUT_RETURN_TYPE = YES_ERROR;
				GCC_WARN_UNDECLARED_SELECTOR = YES;
				GCC_WARN_UNINITIALIZED_AUTOS = YES_AGGRESSIVE;
				GCC_WARN_UNUSED_FUNCTION = YES;
				GCC_WARN_UNUSED_VARIABLE = YES;
				IPHONEOS_DEPLOYMENT_TARGET = 13.4;
				MTL_ENABLE_DEBUG_INFO = NO;
				MTL_FAST_MATH = YES;
				SDKROOT = iphoneos;
				SWIFT_COMPILATION_MODE = wholemodule;
				SWIFT_OPTIMIZATION_LEVEL = "-O";
				VALIDATE_PRODUCT = YES;
			};
			name = Release;
		};
		8FC00BC4244328A700C80B45 /* Debug */ = {
			isa = XCBuildConfiguration;
			buildSettings = {
				ASSETCATALOG_COMPILER_APPICON_NAME = AppIcon;
				CODE_SIGN_STYLE = Automatic;
				DEVELOPMENT_TEAM = 8TLBRTM298;
				INFOPLIST_FILE = FlorentiniSVC/Info.plist;
				LD_RUNPATH_SEARCH_PATHS = (
					"$(inherited)",
					"@executable_path/Frameworks",
				);
				PRODUCT_BUNDLE_IDENTIFIER = com.atos.FlorentiniSVC;
				PRODUCT_NAME = "$(TARGET_NAME)";
				SWIFT_VERSION = 5.0;
				TARGETED_DEVICE_FAMILY = "1,2";
			};
			name = Debug;
		};
		8FC00BC5244328A700C80B45 /* Release */ = {
			isa = XCBuildConfiguration;
			buildSettings = {
				ASSETCATALOG_COMPILER_APPICON_NAME = AppIcon;
				CODE_SIGN_STYLE = Automatic;
				DEVELOPMENT_TEAM = 8TLBRTM298;
				INFOPLIST_FILE = FlorentiniSVC/Info.plist;
				LD_RUNPATH_SEARCH_PATHS = (
					"$(inherited)",
					"@executable_path/Frameworks",
				);
				PRODUCT_BUNDLE_IDENTIFIER = com.atos.FlorentiniSVC;
				PRODUCT_NAME = "$(TARGET_NAME)";
				SWIFT_VERSION = 5.0;
				TARGETED_DEVICE_FAMILY = "1,2";
			};
			name = Release;
		};
/* End XCBuildConfiguration section */

/* Begin XCConfigurationList section */
		8FC00BA7244328A400C80B45 /* Build configuration list for PBXProject "FlorentiniSVC" */ = {
			isa = XCConfigurationList;
			buildConfigurations = (
				8FC00BC1244328A700C80B45 /* Debug */,
				8FC00BC2244328A700C80B45 /* Release */,
			);
			defaultConfigurationIsVisible = 0;
			defaultConfigurationName = Release;
		};
		8FC00BC3244328A700C80B45 /* Build configuration list for PBXNativeTarget "FlorentiniSVC" */ = {
			isa = XCConfigurationList;
			buildConfigurations = (
				8FC00BC4244328A700C80B45 /* Debug */,
				8FC00BC5244328A700C80B45 /* Release */,
			);
			defaultConfigurationIsVisible = 0;
			defaultConfigurationName = Release;
		};
/* End XCConfigurationList section */

/* Begin XCVersionGroup section */
		8FC00BB8244328A400C80B45 /* FlorentiniSVC.xcdatamodeld */ = {
			isa = XCVersionGroup;
			children = (
				8FC00BB9244328A400C80B45 /* FlorentiniSVC.xcdatamodel */,
			);
			currentVersion = 8FC00BB9244328A400C80B45 /* FlorentiniSVC.xcdatamodel */;
			path = FlorentiniSVC.xcdatamodeld;
			sourceTree = "<group>";
			versionGroupType = wrapper.xcdatamodel;
		};
/* End XCVersionGroup section */
	};
	rootObject = 8FC00BA4244328A400C80B45 /* Project object */;
}
